Microsoft Visual Studio Solution File, Format Version 12.00
# Visual Studio Version 17
VisualStudioVersion = 17.11.35219.272
MinimumVisualStudioVersion = 10.0.40219.1
Project("{9A19103F-16F7-4668-BE54-9A1E7A4F7556}") = "InkSoft.SmbAbstraction", "InkSoft.SmbAbstraction\InkSoft.SmbAbstraction.csproj", "{959A75D5-B47B-4010-95F1-90C70BA0A3F9}"
EndProject
Project("{2150E333-8FDC-42A3-9474-1A3956D46DE8}") = "Solution Items", "Solution Items", "{A6B8D0D4-A8E5-4949-B619-D8A76916725E}"
	ProjectSection(SolutionItems) = preProject
		.editorconfig = .editorconfig
		.gitignore = .gitignore
		CHANGELOG.md = CHANGELOG.md
		Directory.Build.props = Directory.Build.props
		README.md = README.md
		SmbAbstraction.sln.DotSettings = SmbAbstraction.sln.DotSettings
		version.json = version.json
	EndProjectSection
EndProject
Project("{9A19103F-16F7-4668-BE54-9A1E7A4F7556}") = "InkSoft.SmbAbstraction.IntegrationTests", "InkSoft.SmbAbstraction.IntegrationTests\InkSoft.SmbAbstraction.IntegrationTests.csproj", "{FC81D31D-C222-47BC-B1B4-A12EE573E928}"
EndProject
Project("{9A19103F-16F7-4668-BE54-9A1E7A4F7556}") = "InkSoft.SmbAbstraction.Tests", "InkSoft.SmbAbstraction.Tests\InkSoft.SmbAbstraction.Tests.csproj", "{F7E3EB79-64CC-4F2A-A064-93DD2F238F37}"
EndProject
Global
	GlobalSection(SolutionConfigurationPlatforms) = preSolution
		Debug|Any CPU = Debug|Any CPU
		Release|Any CPU = Release|Any CPU
	EndGlobalSection
	GlobalSection(ProjectConfigurationPlatforms) = postSolution
		{959A75D5-B47B-4010-95F1-90C70BA0A3F9}.Debug|Any CPU.ActiveCfg = Debug|Any CPU
		{959A75D5-B47B-4010-95F1-90C70BA0A3F9}.Debug|Any CPU.Build.0 = Debug|Any CPU
		{959A75D5-B47B-4010-95F1-90C70BA0A3F9}.Release|Any CPU.ActiveCfg = Release|Any CPU
		{959A75D5-B47B-4010-95F1-90C70BA0A3F9}.Release|Any CPU.Build.0 = Release|Any CPU
		{FC81D31D-C222-47BC-B1B4-A12EE573E928}.Debug|Any CPU.ActiveCfg = Debug|Any CPU
		{FC81D31D-C222-47BC-B1B4-A12EE573E928}.Debug|Any CPU.Build.0 = Debug|Any CPU
		{FC81D31D-C222-47BC-B1B4-A12EE573E928}.Release|Any CPU.ActiveCfg = Debug|Any CPU
		{FC81D31D-C222-47BC-B1B4-A12EE573E928}.Release|Any CPU.Build.0 = Debug|Any CPU
		{F7E3EB79-64CC-4F2A-A064-93DD2F238F37}.Debug|Any CPU.ActiveCfg = Debug|Any CPU
		{F7E3EB79-64CC-4F2A-A064-93DD2F238F37}.Debug|Any CPU.Build.0 = Debug|Any CPU
		{F7E3EB79-64CC-4F2A-A064-93DD2F238F37}.Release|Any CPU.ActiveCfg = Debug|Any CPU
		{F7E3EB79-64CC-4F2A-A064-93DD2F238F37}.Release|Any CPU.Build.0 = Debug|Any CPU
	EndGlobalSection
	GlobalSection(SolutionProperties) = preSolution
		HideSolutionNode = FALSE
	EndGlobalSection
	GlobalSection(ExtensibilityGlobals) = postSolution
		SolutionGuid = {BDBACC24-5952-49B8-A209-58F4475915FE}
	EndGlobalSection
EndGlobal
